// !$*UTF8*$!
{
	archiveVersion = 1;
	classes = {
	};
	objectVersion = 50;
	objects = {

/* Begin PBXBuildFile section */
		4522697625C2B49900F08645 /* Haptic.swift in Sources */ = {isa = PBXBuildFile; fileRef = 4522697525C2B49900F08645 /* Haptic.swift */; };
		454FA2EF25C388DB005D59DD /* VolumeInput.swift in Sources */ = {isa = PBXBuildFile; fileRef = 454FA2EE25C388DB005D59DD /* VolumeInput.swift */; };
		454FA2F225C39D57005D59DD /* SocketManager.swift in Sources */ = {isa = PBXBuildFile; fileRef = 454FA2F125C39D57005D59DD /* SocketManager.swift */; };
		4572C3E425C2C42F00E5AE57 /* CommandCode.swift in Sources */ = {isa = PBXBuildFile; fileRef = 4572C3E025C2C42F00E5AE57 /* CommandCode.swift */; };
		4572C3E525C2C42F00E5AE57 /* Flags.swift in Sources */ = {isa = PBXBuildFile; fileRef = 4572C3E125C2C42F00E5AE57 /* Flags.swift */; };
		4572C3E625C2C42F00E5AE57 /* Key.swift in Sources */ = {isa = PBXBuildFile; fileRef = 4572C3E225C2C42F00E5AE57 /* Key.swift */; };
		4572C3E725C2C42F00E5AE57 /* MouseButton.swift in Sources */ = {isa = PBXBuildFile; fileRef = 4572C3E325C2C42F00E5AE57 /* MouseButton.swift */; };
		458490D925C4EA9E0063404D /* VolumeEmitter.swift in Sources */ = {isa = PBXBuildFile; fileRef = 458490D825C4EA9E0063404D /* VolumeEmitter.swift */; };
		458490DB25C4EF2A0063404D /* ButtonInput.swift in Sources */ = {isa = PBXBuildFile; fileRef = 458490DA25C4EF2A0063404D /* ButtonInput.swift */; };
		458490E625C513680063404D /* Starscream.framework in Frameworks */ = {isa = PBXBuildFile; fileRef = 458490E325C508920063404D /* Starscream.framework */; };
		458490E725C5136B0063404D /* Starscream.framework in CopyFiles */ = {isa = PBXBuildFile; fileRef = 458490E325C508920063404D /* Starscream.framework */; settings = {ATTRIBUTES = (CodeSignOnCopy, RemoveHeadersOnCopy, ); }; };
		45A3607E25C22C1200DFE76A /* AppDelegate.swift in Sources */ = {isa = PBXBuildFile; fileRef = 45A3607D25C22C1200DFE76A /* AppDelegate.swift */; };
		45A3608025C22C1200DFE76A /* SceneDelegate.swift in Sources */ = {isa = PBXBuildFile; fileRef = 45A3607F25C22C1200DFE76A /* SceneDelegate.swift */; };
		45A3608225C22C1200DFE76A /* ViewController.swift in Sources */ = {isa = PBXBuildFile; fileRef = 45A3608125C22C1200DFE76A /* ViewController.swift */; };
		45A3608525C22C1200DFE76A /* Main.storyboard in Resources */ = {isa = PBXBuildFile; fileRef = 45A3608325C22C1200DFE76A /* Main.storyboard */; };
		45A3608725C22C1A00DFE76A /* Assets.xcassets in Resources */ = {isa = PBXBuildFile; fileRef = 45A3608625C22C1A00DFE76A /* Assets.xcassets */; };
		45A3608A25C22C1A00DFE76A /* LaunchScreen.storyboard in Resources */ = {isa = PBXBuildFile; fileRef = 45A3608825C22C1A00DFE76A /* LaunchScreen.storyboard */; };
		45A5DB7B25C3A5B700796DA3 /* Colors.swift in Sources */ = {isa = PBXBuildFile; fileRef = 45A5DB7A25C3A5B700796DA3 /* Colors.swift */; };
		45F6860F25C27E7E00E89F33 /* MoveView.swift in Sources */ = {isa = PBXBuildFile; fileRef = 45F6860E25C27E7E00E89F33 /* MoveView.swift */; };
		45F6861125C27EBB00E89F33 /* LookView.swift in Sources */ = {isa = PBXBuildFile; fileRef = 45F6861025C27EBB00E89F33 /* LookView.swift */; };
/* End PBXBuildFile section */

/* Begin PBXCopyFilesBuildPhase section */
		4522697B25C2BAFB00F08645 /* CopyFiles */ = {
			isa = PBXCopyFilesBuildPhase;
			buildActionMask = 2147483647;
			dstPath = "";
			dstSubfolderSpec = 10;
			files = (
				458490E725C5136B0063404D /* Starscream.framework in CopyFiles */,
			);
			runOnlyForDeploymentPostprocessing = 0;
		};
/* End PBXCopyFilesBuildPhase section */

/* Begin PBXFileReference section */
		4522697525C2B49900F08645 /* Haptic.swift */ = {isa = PBXFileReference; lastKnownFileType = sourcecode.swift; path = Haptic.swift; sourceTree = "<group>"; };
		454FA2EE25C388DB005D59DD /* VolumeInput.swift */ = {isa = PBXFileReference; lastKnownFileType = sourcecode.swift; path = VolumeInput.swift; sourceTree = "<group>"; };
		454FA2F125C39D57005D59DD /* SocketManager.swift */ = {isa = PBXFileReference; lastKnownFileType = sourcecode.swift; path = SocketManager.swift; sourceTree = "<group>"; };
		4572C3E025C2C42F00E5AE57 /* CommandCode.swift */ = {isa = PBXFileReference; fileEncoding = 4; lastKnownFileType = sourcecode.swift; path = CommandCode.swift; sourceTree = "<group>"; };
		4572C3E125C2C42F00E5AE57 /* Flags.swift */ = {isa = PBXFileReference; fileEncoding = 4; lastKnownFileType = sourcecode.swift; path = Flags.swift; sourceTree = "<group>"; };
		4572C3E225C2C42F00E5AE57 /* Key.swift */ = {isa = PBXFileReference; fileEncoding = 4; lastKnownFileType = sourcecode.swift; path = Key.swift; sourceTree = "<group>"; };
		4572C3E325C2C42F00E5AE57 /* MouseButton.swift */ = {isa = PBXFileReference; fileEncoding = 4; lastKnownFileType = sourcecode.swift; path = MouseButton.swift; sourceTree = "<group>"; };
		458490D825C4EA9E0063404D /* VolumeEmitter.swift */ = {isa = PBXFileReference; lastKnownFileType = sourcecode.swift; path = VolumeEmitter.swift; sourceTree = "<group>"; };
		458490DA25C4EF2A0063404D /* ButtonInput.swift */ = {isa = PBXFileReference; lastKnownFileType = sourcecode.swift; path = ButtonInput.swift; sourceTree = "<group>"; };
		458490E325C508920063404D /* Starscream.framework */ = {isa = PBXFileReference; lastKnownFileType = wrapper.framework; path = Starscream.framework; sourceTree = "<group>"; };
		45A3607A25C22C1200DFE76A /* Remote.app */ = {isa = PBXFileReference; explicitFileType = wrapper.application; includeInIndex = 0; path = Remote.app; sourceTree = BUILT_PRODUCTS_DIR; };
		45A3607D25C22C1200DFE76A /* AppDelegate.swift */ = {isa = PBXFileReference; lastKnownFileType = sourcecode.swift; path = AppDelegate.swift; sourceTree = "<group>"; };
		45A3607F25C22C1200DFE76A /* SceneDelegate.swift */ = {isa = PBXFileReference; lastKnownFileType = sourcecode.swift; path = SceneDelegate.swift; sourceTree = "<group>"; };
		45A3608125C22C1200DFE76A /* ViewController.swift */ = {isa = PBXFileReference; lastKnownFileType = sourcecode.swift; path = ViewController.swift; sourceTree = "<group>"; };
		45A3608425C22C1200DFE76A /* Base */ = {isa = PBXFileReference; lastKnownFileType = file.storyboard; name = Base; path = Base.lproj/Main.storyboard; sourceTree = "<group>"; };
		45A3608625C22C1A00DFE76A /* Assets.xcassets */ = {isa = PBXFileReference; lastKnownFileType = folder.assetcatalog; path = Assets.xcassets; sourceTree = "<group>"; };
		45A3608925C22C1A00DFE76A /* Base */ = {isa = PBXFileReference; lastKnownFileType = file.storyboard; name = Base; path = Base.lproj/LaunchScreen.storyboard; sourceTree = "<group>"; };
		45A3608B25C22C1A00DFE76A /* Info.plist */ = {isa = PBXFileReference; lastKnownFileType = text.plist.xml; path = Info.plist; sourceTree = "<group>"; };
		45A5DB7A25C3A5B700796DA3 /* Colors.swift */ = {isa = PBXFileReference; lastKnownFileType = sourcecode.swift; path = Colors.swift; sourceTree = "<group>"; };
		45F6860E25C27E7E00E89F33 /* MoveView.swift */ = {isa = PBXFileReference; lastKnownFileType = sourcecode.swift; path = MoveView.swift; sourceTree = "<group>"; };
		45F6861025C27EBB00E89F33 /* LookView.swift */ = {isa = PBXFileReference; lastKnownFileType = sourcecode.swift; path = LookView.swift; sourceTree = "<group>"; };
/* End PBXFileReference section */

/* Begin PBXFrameworksBuildPhase section */
		45A3607725C22C1200DFE76A /* Frameworks */ = {
			isa = PBXFrameworksBuildPhase;
			buildActionMask = 2147483647;
			files = (
				458490E625C513680063404D /* Starscream.framework in Frameworks */,
			);
			runOnlyForDeploymentPostprocessing = 0;
		};
/* End PBXFrameworksBuildPhase section */

/* Begin PBXGroup section */
		4522697725C2B8C900F08645 /* Frameworks */ = {
			isa = PBXGroup;
			children = (
				458490E325C508920063404D /* Starscream.framework */,
			);
			path = Frameworks;
			sourceTree = "<group>";
		};
		4522697C25C2BE6300F08645 /* Constants */ = {
			isa = PBXGroup;
			children = (
				4572C3E025C2C42F00E5AE57 /* CommandCode.swift */,
				4572C3E125C2C42F00E5AE57 /* Flags.swift */,
				4572C3E225C2C42F00E5AE57 /* Key.swift */,
				4572C3E325C2C42F00E5AE57 /* MouseButton.swift */,
				45A5DB7A25C3A5B700796DA3 /* Colors.swift */,
			);
			path = Constants;
			sourceTree = "<group>";
		};
		454FA2ED25C388C3005D59DD /* Inputs */ = {
			isa = PBXGroup;
			children = (
				45F6860E25C27E7E00E89F33 /* MoveView.swift */,
				45F6861025C27EBB00E89F33 /* LookView.swift */,
				454FA2EE25C388DB005D59DD /* VolumeInput.swift */,
				458490DA25C4EF2A0063404D /* ButtonInput.swift */,
			);
			path = Inputs;
			sourceTree = "<group>";
		};
		454FA2F025C39D37005D59DD /* Utilities */ = {
			isa = PBXGroup;
			children = (
				4522697525C2B49900F08645 /* Haptic.swift */,
				454FA2F125C39D57005D59DD /* SocketManager.swift */,
			);
			path = Utilities;
			sourceTree = "<group>";
		};
		458490D725C4EA580063404D /* Emitters */ = {
			isa = PBXGroup;
			children = (
				458490D825C4EA9E0063404D /* VolumeEmitter.swift */,
			);
			path = Emitters;
			sourceTree = "<group>";
		};
		45A3607125C22C1200DFE76A = {
			isa = PBXGroup;
			children = (
				45A3607C25C22C1200DFE76A /* Remote */,
				45A3607B25C22C1200DFE76A /* Products */,
				4522697725C2B8C900F08645 /* Frameworks */,
			);
			sourceTree = "<group>";
		};
		45A3607B25C22C1200DFE76A /* Products */ = {
			isa = PBXGroup;
			children = (
				45A3607A25C22C1200DFE76A /* Remote.app */,
			);
			name = Products;
			sourceTree = "<group>";
		};
		45A3607C25C22C1200DFE76A /* Remote */ = {
			isa = PBXGroup;
			children = (
				458490D725C4EA580063404D /* Emitters */,
				454FA2F025C39D37005D59DD /* Utilities */,
				454FA2ED25C388C3005D59DD /* Inputs */,
				4522697C25C2BE6300F08645 /* Constants */,
				45A3607D25C22C1200DFE76A /* AppDelegate.swift */,
				45A3607F25C22C1200DFE76A /* SceneDelegate.swift */,
				45A3608125C22C1200DFE76A /* ViewController.swift */,
				45A3608325C22C1200DFE76A /* Main.storyboard */,
				45A3608625C22C1A00DFE76A /* Assets.xcassets */,
				45A3608825C22C1A00DFE76A /* LaunchScreen.storyboard */,
				45A3608B25C22C1A00DFE76A /* Info.plist */,
			);
			path = Remote;
			sourceTree = "<group>";
		};
/* End PBXGroup section */

/* Begin PBXNativeTarget section */
		45A3607925C22C1200DFE76A /* Remote */ = {
			isa = PBXNativeTarget;
			buildConfigurationList = 45A3608E25C22C1A00DFE76A /* Build configuration list for PBXNativeTarget "Remote" */;
			buildPhases = (
				45A3607625C22C1200DFE76A /* Sources */,
				45A3607725C22C1200DFE76A /* Frameworks */,
				45A3607825C22C1200DFE76A /* Resources */,
				4522697B25C2BAFB00F08645 /* CopyFiles */,
			);
			buildRules = (
			);
			dependencies = (
			);
			name = Remote;
			productName = Remote;
			productReference = 45A3607A25C22C1200DFE76A /* Remote.app */;
			productType = "com.apple.product-type.application";
		};
/* End PBXNativeTarget section */

/* Begin PBXProject section */
		45A3607225C22C1200DFE76A /* Project object */ = {
			isa = PBXProject;
			attributes = {
				LastSwiftUpdateCheck = 1130;
				LastUpgradeCheck = 1130;
				ORGANIZATIONNAME = "Indiana Kernick";
				TargetAttributes = {
					45A3607925C22C1200DFE76A = {
						CreatedOnToolsVersion = 11.3.1;
					};
				};
			};
			buildConfigurationList = 45A3607525C22C1200DFE76A /* Build configuration list for PBXProject "Remote" */;
			compatibilityVersion = "Xcode 9.3";
			developmentRegion = en;
			hasScannedForEncodings = 0;
			knownRegions = (
				en,
				Base,
			);
			mainGroup = 45A3607125C22C1200DFE76A;
			productRefGroup = 45A3607B25C22C1200DFE76A /* Products */;
			projectDirPath = "";
			projectRoot = "";
			targets = (
				45A3607925C22C1200DFE76A /* Remote */,
			);
		};
/* End PBXProject section */

/* Begin PBXResourcesBuildPhase section */
		45A3607825C22C1200DFE76A /* Resources */ = {
			isa = PBXResourcesBuildPhase;
			buildActionMask = 2147483647;
			files = (
				45A3608A25C22C1A00DFE76A /* LaunchScreen.storyboard in Resources */,
				45A3608725C22C1A00DFE76A /* Assets.xcassets in Resources */,
				45A3608525C22C1200DFE76A /* Main.storyboard in Resources */,
			);
			runOnlyForDeploymentPostprocessing = 0;
		};
/* End PBXResourcesBuildPhase section */

/* Begin PBXSourcesBuildPhase section */
		45A3607625C22C1200DFE76A /* Sources */ = {
			isa = PBXSourcesBuildPhase;
			buildActionMask = 2147483647;
			files = (
				4522697625C2B49900F08645 /* Haptic.swift in Sources */,
				45F6861125C27EBB00E89F33 /* LookView.swift in Sources */,
				4572C3E625C2C42F00E5AE57 /* Key.swift in Sources */,
				45A3608225C22C1200DFE76A /* ViewController.swift in Sources */,
				458490DB25C4EF2A0063404D /* ButtonInput.swift in Sources */,
				458490D925C4EA9E0063404D /* VolumeEmitter.swift in Sources */,
				454FA2EF25C388DB005D59DD /* VolumeInput.swift in Sources */,
				4572C3E525C2C42F00E5AE57 /* Flags.swift in Sources */,
				45A3607E25C22C1200DFE76A /* AppDelegate.swift in Sources */,
				45A3608025C22C1200DFE76A /* SceneDelegate.swift in Sources */,
				45A5DB7B25C3A5B700796DA3 /* Colors.swift in Sources */,
				4572C3E725C2C42F00E5AE57 /* MouseButton.swift in Sources */,
				45F6860F25C27E7E00E89F33 /* MoveView.swift in Sources */,
				454FA2F225C39D57005D59DD /* SocketManager.swift in Sources */,
				4572C3E425C2C42F00E5AE57 /* CommandCode.swift in Sources */,
			);
			runOnlyForDeploymentPostprocessing = 0;
		};
/* End PBXSourcesBuildPhase section */

/* Begin PBXVariantGroup section */
		45A3608325C22C1200DFE76A /* Main.storyboard */ = {
			isa = PBXVariantGroup;
			children = (
				45A3608425C22C1200DFE76A /* Base */,
			);
			name = Main.storyboard;
			sourceTree = "<group>";
		};
		45A3608825C22C1A00DFE76A /* LaunchScreen.storyboard */ = {
			isa = PBXVariantGroup;
			children = (
				45A3608925C22C1A00DFE76A /* Base */,
			);
			name = LaunchScreen.storyboard;
			sourceTree = "<group>";
		};
/* End PBXVariantGroup section */

/* Begin XCBuildConfiguration section */
		45A3608C25C22C1A00DFE76A /* Debug */ = {
			isa = XCBuildConfiguration;
			buildSettings = {
				ALWAYS_SEARCH_USER_PATHS = NO;
				CLANG_ANALYZER_NONNULL = YES;
				CLANG_ANALYZER_NUMBER_OBJECT_CONVERSION = YES_AGGRESSIVE;
				CLANG_CXX_LANGUAGE_STANDARD = "gnu++14";
				CLANG_CXX_LIBRARY = "libc++";
				CLANG_ENABLE_MODULES = YES;
				CLANG_ENABLE_OBJC_ARC = YES;
				CLANG_ENABLE_OBJC_WEAK = YES;
				CLANG_WARN_BLOCK_CAPTURE_AUTORELEASING = YES;
				CLANG_WARN_BOOL_CONVERSION = YES;
				CLANG_WARN_COMMA = YES;
				CLANG_WARN_CONSTANT_CONVERSION = YES;
				CLANG_WARN_DEPRECATED_OBJC_IMPLEMENTATIONS = YES;
				CLANG_WARN_DIRECT_OBJC_ISA_USAGE = YES_ERROR;
				CLANG_WARN_DOCUMENTATION_COMMENTS = YES;
				CLANG_WARN_EMPTY_BODY = YES;
				CLANG_WARN_ENUM_CONVERSION = YES;
				CLANG_WARN_INFINITE_RECURSION = YES;
				CLANG_WARN_INT_CONVERSION = YES;
				CLANG_WARN_NON_LITERAL_NULL_CONVERSION = YES;
				CLANG_WARN_OBJC_IMPLICIT_RETAIN_SELF = YES;
				CLANG_WARN_OBJC_LITERAL_CONVERSION = YES;
				CLANG_WARN_OBJC_ROOT_CLASS = YES_ERROR;
				CLANG_WARN_RANGE_LOOP_ANALYSIS = YES;
				CLANG_WARN_STRICT_PROTOTYPES = YES;
				CLANG_WARN_SUSPICIOUS_MOVE = YES;
				CLANG_WARN_UNGUARDED_AVAILABILITY = YES_AGGRESSIVE;
				CLANG_WARN_UNREACHABLE_CODE = YES;
				CLANG_WARN__DUPLICATE_METHOD_MATCH = YES;
				COPY_PHASE_STRIP = NO;
				DEBUG_INFORMATION_FORMAT = dwarf;
				ENABLE_STRICT_OBJC_MSGSEND = YES;
				ENABLE_TESTABILITY = YES;
				GCC_C_LANGUAGE_STANDARD = gnu11;
				GCC_DYNAMIC_NO_PIC = NO;
				GCC_NO_COMMON_BLOCKS = YES;
				GCC_OPTIMIZATION_LEVEL = 0;
				GCC_PREPROCESSOR_DEFINITIONS = (
					"DEBUG=1",
					"$(inherited)",
				);
				GCC_WARN_64_TO_32_BIT_CONVERSION = YES;
				GCC_WARN_ABOUT_RETURN_TYPE = YES_ERROR;
				GCC_WARN_UNDECLARED_SELECTOR = YES;
				GCC_WARN_UNINITIALIZED_AUTOS = YES_AGGRESSIVE;
				GCC_WARN_UNUSED_FUNCTION = YES;
				GCC_WARN_UNUSED_VARIABLE = YES;
				IPHONEOS_DEPLOYMENT_TARGET = 13.2;
				MTL_ENABLE_DEBUG_INFO = INCLUDE_SOURCE;
				MTL_FAST_MATH = YES;
				ONLY_ACTIVE_ARCH = YES;
				SDKROOT = iphoneos;
				SWIFT_ACTIVE_COMPILATION_CONDITIONS = DEBUG;
				SWIFT_OPTIMIZATION_LEVEL = "-Onone";
			};
			name = Debug;
		};
		45A3608D25C22C1A00DFE76A /* Release */ = {
			isa = XCBuildConfiguration;
			buildSettings = {
				ALWAYS_SEARCH_USER_PATHS = NO;
				CLANG_ANALYZER_NONNULL = YES;
				CLANG_ANALYZER_NUMBER_OBJECT_CONVERSION = YES_AGGRESSIVE;
				CLANG_CXX_LANGUAGE_STANDARD = "gnu++14";
				CLANG_CXX_LIBRARY = "libc++";
				CLANG_ENABLE_MODULES = YES;
				CLANG_ENABLE_OBJC_ARC = YES;
				CLANG_ENABLE_OBJC_WEAK = YES;
				CLANG_WARN_BLOCK_CAPTURE_AUTORELEASING = YES;
				CLANG_WARN_BOOL_CONVERSION = YES;
				CLANG_WARN_COMMA = YES;
				CLANG_WARN_CONSTANT_CONVERSION = YES;
				CLANG_WARN_DEPRECATED_OBJC_IMPLEMENTATIONS = YES;
				CLANG_WARN_DIRECT_OBJC_ISA_USAGE = YES_ERROR;
				CLANG_WARN_DOCUMENTATION_COMMENTS = YES;
				CLANG_WARN_EMPTY_BODY = YES;
				CLANG_WARN_ENUM_CONVERSION = YES;
				CLANG_WARN_INFINITE_RECURSION = YES;
				CLANG_WARN_INT_CONVERSION = YES;
				CLANG_WARN_NON_LITERAL_NULL_CONVERSION = YES;
				CLANG_WARN_OBJC_IMPLICIT_RETAIN_SELF = YES;
				CLANG_WARN_OBJC_LITERAL_CONVERSION = YES;
				CLANG_WARN_OBJC_ROOT_CLASS = YES_ERROR;
				CLANG_WARN_RANGE_LOOP_ANALYSIS = YES;
				CLANG_WARN_STRICT_PROTOTYPES = YES;
				CLANG_WARN_SUSPICIOUS_MOVE = YES;
				CLANG_WARN_UNGUARDED_AVAILABILITY = YES_AGGRESSIVE;
				CLANG_WARN_UNREACHABLE_CODE = YES;
				CLANG_WARN__DUPLICATE_METHOD_MATCH = YES;
				COPY_PHASE_STRIP = NO;
				DEBUG_INFORMATION_FORMAT = "dwarf-with-dsym";
				ENABLE_NS_ASSERTIONS = NO;
				ENABLE_STRICT_OBJC_MSGSEND = YES;
				GCC_C_LANGUAGE_STANDARD = gnu11;
				GCC_NO_COMMON_BLOCKS = YES;
				GCC_WARN_64_TO_32_BIT_CONVERSION = YES;
				GCC_WARN_ABOUT_RETURN_TYPE = YES_ERROR;
				GCC_WARN_UNDECLARED_SELECTOR = YES;
				GCC_WARN_UNINITIALIZED_AUTOS = YES_AGGRESSIVE;
				GCC_WARN_UNUSED_FUNCTION = YES;
				GCC_WARN_UNUSED_VARIABLE = YES;
				IPHONEOS_DEPLOYMENT_TARGET = 13.2;
				MTL_ENABLE_DEBUG_INFO = NO;
				MTL_FAST_MATH = YES;
				SDKROOT = iphoneos;
				SWIFT_COMPILATION_MODE = wholemodule;
				SWIFT_OPTIMIZATION_LEVEL = "-O";
				VALIDATE_PRODUCT = YES;
			};
			name = Release;
		};
		45A3608F25C22C1A00DFE76A /* Debug */ = {
			isa = XCBuildConfiguration;
			buildSettings = {
				ASSETCATALOG_COMPILER_APPICON_NAME = AppIcon;
				CODE_SIGN_STYLE = Automatic;
				DEVELOPMENT_TEAM = QY44MADGVC;
				FRAMEWORK_SEARCH_PATHS = (
					"$(inherited)",
					"$(PROJECT_DIR)/Frameworks",
				);
				INFOPLIST_FILE = Remote/Info.plist;
				IPHONEOS_DEPLOYMENT_TARGET = 13.7;
				LD_RUNPATH_SEARCH_PATHS = (
					"$(inherited)",
					"@executable_path/Frameworks",
				);
				PRODUCT_BUNDLE_IDENTIFIER = "Indiana-Kernick.Remote";
				PRODUCT_NAME = "$(TARGET_NAME)";
				SWIFT_VERSION = 5.0;
				TARGETED_DEVICE_FAMILY = "1,2";
			};
			name = Debug;
		};
		45A3609025C22C1A00DFE76A /* Release */ = {
			isa = XCBuildConfiguration;
			buildSettings = {
				ASSETCATALOG_COMPILER_APPICON_NAME = AppIcon;
				CODE_SIGN_STYLE = Automatic;
				DEVELOPMENT_TEAM = QY44MADGVC;
				FRAMEWORK_SEARCH_PATHS = (
					"$(inherited)",
					"$(PROJECT_DIR)/Frameworks",
				);
				INFOPLIST_FILE = Remote/Info.plist;
				IPHONEOS_DEPLOYMENT_TARGET = 13.7;
				LD_RUNPATH_SEARCH_PATHS = (
					"$(inherited)",
					"@executable_path/Frameworks",
				);
				PRODUCT_BUNDLE_IDENTIFIER = "Indiana-Kernick.Remote";
				PRODUCT_NAME = "$(TARGET_NAME)";
				SWIFT_VERSION = 5.0;
				TARGETED_DEVICE_FAMILY = "1,2";
			};
			name = Release;
		};
/* End XCBuildConfiguration section */

/* Begin XCConfigurationList section */
		45A3607525C22C1200DFE76A /* Build configuration list for PBXProject "Remote" */ = {
			isa = XCConfigurationList;
			buildConfigurations = (
				45A3608C25C22C1A00DFE76A /* Debug */,
				45A3608D25C22C1A00DFE76A /* Release */,
			);
			defaultConfigurationIsVisible = 0;
			defaultConfigurationName = Release;
		};
		45A3608E25C22C1A00DFE76A /* Build configuration list for PBXNativeTarget "Remote" */ = {
			isa = XCConfigurationList;
			buildConfigurations = (
				45A3608F25C22C1A00DFE76A /* Debug */,
				45A3609025C22C1A00DFE76A /* Release */,
			);
			defaultConfigurationIsVisible = 0;
			defaultConfigurationName = Release;
		};
/* End XCConfigurationList section */
	};
	rootObject = 45A3607225C22C1200DFE76A /* Project object */;
}
